// !$*UTF8*$!
{
	archiveVersion = 1;
	classes = {
	};
	objectVersion = 50;
	objects = {

/* Begin PBXBuildFile section */
		6BBD4F412322DAD100466E55 /* AppDelegate.swift in Sources */ = {isa = PBXBuildFile; fileRef = 6BBD4F402322DAD100466E55 /* AppDelegate.swift */; };
		6BBD4F432322DAD100466E55 /* ViewController.swift in Sources */ = {isa = PBXBuildFile; fileRef = 6BBD4F422322DAD100466E55 /* ViewController.swift */; };
		6BBD4F462322DAD100466E55 /* Main.storyboard in Resources */ = {isa = PBXBuildFile; fileRef = 6BBD4F442322DAD100466E55 /* Main.storyboard */; };
		6BBD4F482322DAD200466E55 /* Assets.xcassets in Resources */ = {isa = PBXBuildFile; fileRef = 6BBD4F472322DAD200466E55 /* Assets.xcassets */; };
		6BBD4F4B2322DAD200466E55 /* LaunchScreen.storyboard in Resources */ = {isa = PBXBuildFile; fileRef = 6BBD4F492322DAD200466E55 /* LaunchScreen.storyboard */; };
		6BBD4F562322DAD200466E55 /* QuizTests.swift in Sources */ = {isa = PBXBuildFile; fileRef = 6BBD4F552322DAD200466E55 /* QuizTests.swift */; };
		6BBD4F612322DAD200466E55 /* QuizUITests.swift in Sources */ = {isa = PBXBuildFile; fileRef = 6BBD4F602322DAD200466E55 /* QuizUITests.swift */; };
/* End PBXBuildFile section */

/* Begin PBXContainerItemProxy section */
		6BBD4F522322DAD200466E55 /* PBXContainerItemProxy */ = {
			isa = PBXContainerItemProxy;
			containerPortal = 6BBD4F352322DAD100466E55 /* Project object */;
			proxyType = 1;
			remoteGlobalIDString = 6BBD4F3C2322DAD100466E55;
			remoteInfo = Quiz;
		};
		6BBD4F5D2322DAD200466E55 /* PBXContainerItemProxy */ = {
			isa = PBXContainerItemProxy;
			containerPortal = 6BBD4F352322DAD100466E55 /* Project object */;
			proxyType = 1;
			remoteGlobalIDString = 6BBD4F3C2322DAD100466E55;
			remoteInfo = Quiz;
		};
/* End PBXContainerItemProxy section */

/* Begin PBXFileReference section */
		6BBD4F3D2322DAD100466E55 /* Quiz.app */ = {isa = PBXFileReference; explicitFileType = wrapper.application; includeInIndex = 0; path = Quiz.app; sourceTree = BUILT_PRODUCTS_DIR; };
		6BBD4F402322DAD100466E55 /* AppDelegate.swift */ = {isa = PBXFileReference; lastKnownFileType = sourcecode.swift; path = AppDelegate.swift; sourceTree = "<group>"; };
		6BBD4F422322DAD100466E55 /* ViewController.swift */ = {isa = PBXFileReference; lastKnownFileType = sourcecode.swift; path = ViewController.swift; sourceTree = "<group>"; };
		6BBD4F452322DAD100466E55 /* Base */ = {isa = PBXFileReference; lastKnownFileType = file.storyboard; name = Base; path = Base.lproj/Main.storyboard; sourceTree = "<group>"; };
		6BBD4F472322DAD200466E55 /* Assets.xcassets */ = {isa = PBXFileReference; lastKnownFileType = folder.assetcatalog; path = Assets.xcassets; sourceTree = "<group>"; };
		6BBD4F4A2322DAD200466E55 /* Base */ = {isa = PBXFileReference; lastKnownFileType = file.storyboard; name = Base; path = Base.lproj/LaunchScreen.storyboard; sourceTree = "<group>"; };
		6BBD4F4C2322DAD200466E55 /* Info.plist */ = {isa = PBXFileReference; lastKnownFileType = text.plist.xml; path = Info.plist; sourceTree = "<group>"; };
		6BBD4F512322DAD200466E55 /* QuizTests.xctest */ = {isa = PBXFileReference; explicitFileType = wrapper.cfbundle; includeInIndex = 0; path = QuizTests.xctest; sourceTree = BUILT_PRODUCTS_DIR; };
		6BBD4F552322DAD200466E55 /* QuizTests.swift */ = {isa = PBXFileReference; lastKnownFileType = sourcecode.swift; path = QuizTests.swift; sourceTree = "<group>"; };
		6BBD4F572322DAD200466E55 /* Info.plist */ = {isa = PBXFileReference; lastKnownFileType = text.plist.xml; path = Info.plist; sourceTree = "<group>"; };
		6BBD4F5C2322DAD200466E55 /* QuizUITests.xctest */ = {isa = PBXFileReference; explicitFileType = wrapper.cfbundle; includeInIndex = 0; path = QuizUITests.xctest; sourceTree = BUILT_PRODUCTS_DIR; };
		6BBD4F602322DAD200466E55 /* QuizUITests.swift */ = {isa = PBXFileReference; lastKnownFileType = sourcecode.swift; path = QuizUITests.swift; sourceTree = "<group>"; };
		6BBD4F622322DAD200466E55 /* Info.plist */ = {isa = PBXFileReference; lastKnownFileType = text.plist.xml; path = Info.plist; sourceTree = "<group>"; };
/* End PBXFileReference section */

/* Begin PBXFrameworksBuildPhase section */
		6BBD4F3A2322DAD100466E55 /* Frameworks */ = {
			isa = PBXFrameworksBuildPhase;
			buildActionMask = 2147483647;
			files = (
			);
			runOnlyForDeploymentPostprocessing = 0;
		};
		6BBD4F4E2322DAD200466E55 /* Frameworks */ = {
			isa = PBXFrameworksBuildPhase;
			buildActionMask = 2147483647;
			files = (
			);
			runOnlyForDeploymentPostprocessing = 0;
		};
		6BBD4F592322DAD200466E55 /* Frameworks */ = {
			isa = PBXFrameworksBuildPhase;
			buildActionMask = 2147483647;
			files = (
			);
			runOnlyForDeploymentPostprocessing = 0;
		};
/* End PBXFrameworksBuildPhase section */

/* Begin PBXGroup section */
		6BBD4F342322DAD100466E55 = {
			isa = PBXGroup;
			children = (
				6BBD4F3F2322DAD100466E55 /* Quiz */,
				6BBD4F542322DAD200466E55 /* QuizTests */,
				6BBD4F5F2322DAD200466E55 /* QuizUITests */,
				6BBD4F3E2322DAD100466E55 /* Products */,
			);
			sourceTree = "<group>";
		};
		6BBD4F3E2322DAD100466E55 /* Products */ = {
			isa = PBXGroup;
			children = (
				6BBD4F3D2322DAD100466E55 /* Quiz.app */,
				6BBD4F512322DAD200466E55 /* QuizTests.xctest */,
				6BBD4F5C2322DAD200466E55 /* QuizUITests.xctest */,
			);
			name = Products;
			sourceTree = "<group>";
		};
		6BBD4F3F2322DAD100466E55 /* Quiz */ = {
			isa = PBXGroup;
			children = (
				6BBD4F402322DAD100466E55 /* AppDelegate.swift */,
				6BBD4F422322DAD100466E55 /* ViewController.swift */,
				6BBD4F442322DAD100466E55 /* Main.storyboard */,
				6BBD4F472322DAD200466E55 /* Assets.xcassets */,
				6BBD4F492322DAD200466E55 /* LaunchScreen.storyboard */,
				6BBD4F4C2322DAD200466E55 /* Info.plist */,
			);
			path = Quiz;
			sourceTree = "<group>";
		};
		6BBD4F542322DAD200466E55 /* QuizTests */ = {
			isa = PBXGroup;
			children = (
				6BBD4F552322DAD200466E55 /* QuizTests.swift */,
				6BBD4F572322DAD200466E55 /* Info.plist */,
			);
			path = QuizTests;
			sourceTree = "<group>";
		};
		6BBD4F5F2322DAD200466E55 /* QuizUITests */ = {
			isa = PBXGroup;
			children = (
				6BBD4F602322DAD200466E55 /* QuizUITests.swift */,
				6BBD4F622322DAD200466E55 /* Info.plist */,
			);
			path = QuizUITests;
			sourceTree = "<group>";
		};
/* End PBXGroup section */

/* Begin PBXNativeTarget section */
		6BBD4F3C2322DAD100466E55 /* Quiz */ = {
			isa = PBXNativeTarget;
			buildConfigurationList = 6BBD4F652322DAD200466E55 /* Build configuration list for PBXNativeTarget "Quiz" */;
			buildPhases = (
				6BBD4F392322DAD100466E55 /* Sources */,
				6BBD4F3A2322DAD100466E55 /* Frameworks */,
				6BBD4F3B2322DAD100466E55 /* Resources */,
			);
			buildRules = (
			);
			dependencies = (
			);
			name = Quiz;
			productName = Quiz;
			productReference = 6BBD4F3D2322DAD100466E55 /* Quiz.app */;
			productType = "com.apple.product-type.application";
		};
		6BBD4F502322DAD200466E55 /* QuizTests */ = {
			isa = PBXNativeTarget;
			buildConfigurationList = 6BBD4F682322DAD200466E55 /* Build configuration list for PBXNativeTarget "QuizTests" */;
			buildPhases = (
				6BBD4F4D2322DAD200466E55 /* Sources */,
				6BBD4F4E2322DAD200466E55 /* Frameworks */,
				6BBD4F4F2322DAD200466E55 /* Resources */,
			);
			buildRules = (
			);
			dependencies = (
				6BBD4F532322DAD200466E55 /* PBXTargetDependency */,
			);
			name = QuizTests;
			productName = QuizTests;
			productReference = 6BBD4F512322DAD200466E55 /* QuizTests.xctest */;
			productType = "com.apple.product-type.bundle.unit-test";
		};
		6BBD4F5B2322DAD200466E55 /* QuizUITests */ = {
			isa = PBXNativeTarget;
			buildConfigurationList = 6BBD4F6B2322DAD200466E55 /* Build configuration list for PBXNativeTarget "QuizUITests" */;
			buildPhases = (
				6BBD4F582322DAD200466E55 /* Sources */,
				6BBD4F592322DAD200466E55 /* Frameworks */,
				6BBD4F5A2322DAD200466E55 /* Resources */,
			);
			buildRules = (
			);
			dependencies = (
				6BBD4F5E2322DAD200466E55 /* PBXTargetDependency */,
			);
			name = QuizUITests;
			productName = QuizUITests;
			productReference = 6BBD4F5C2322DAD200466E55 /* QuizUITests.xctest */;
			productType = "com.apple.product-type.bundle.ui-testing";
		};
/* End PBXNativeTarget section */

/* Begin PBXProject section */
		6BBD4F352322DAD100466E55 /* Project object */ = {
			isa = PBXProject;
			attributes = {
				LastSwiftUpdateCheck = 0940;
				LastUpgradeCheck = 0940;
				ORGANIZATIONNAME = "Rohat Karakuyu";
				TargetAttributes = {
					6BBD4F3C2322DAD100466E55 = {
						CreatedOnToolsVersion = 9.4.1;
					};
					6BBD4F502322DAD200466E55 = {
						CreatedOnToolsVersion = 9.4.1;
						TestTargetID = 6BBD4F3C2322DAD100466E55;
					};
					6BBD4F5B2322DAD200466E55 = {
						CreatedOnToolsVersion = 9.4.1;
						TestTargetID = 6BBD4F3C2322DAD100466E55;
					};
				};
			};
			buildConfigurationList = 6BBD4F382322DAD100466E55 /* Build configuration list for PBXProject "Quiz" */;
			compatibilityVersion = "Xcode 9.3";
			developmentRegion = en;
			hasScannedForEncodings = 0;
			knownRegions = (
				en,
				Base,
			);
			mainGroup = 6BBD4F342322DAD100466E55;
			productRefGroup = 6BBD4F3E2322DAD100466E55 /* Products */;
			projectDirPath = "";
			projectRoot = "";
			targets = (
				6BBD4F3C2322DAD100466E55 /* Quiz */,
				6BBD4F502322DAD200466E55 /* QuizTests */,
				6BBD4F5B2322DAD200466E55 /* QuizUITests */,
			);
		};
/* End PBXProject section */

/* Begin PBXResourcesBuildPhase section */
		6BBD4F3B2322DAD100466E55 /* Resources */ = {
			isa = PBXResourcesBuildPhase;
			buildActionMask = 2147483647;
			files = (
				6BBD4F4B2322DAD200466E55 /* LaunchScreen.storyboard in Resources */,
				6BBD4F482322DAD200466E55 /* Assets.xcassets in Resources */,
				6BBD4F462322DAD100466E55 /* Main.storyboard in Resources */,
			);
			runOnlyForDeploymentPostprocessing = 0;
		};
		6BBD4F4F2322DAD200466E55 /* Resources */ = {
			isa = PBXResourcesBuildPhase;
			buildActionMask = 2147483647;
			files = (
			);
			runOnlyForDeploymentPostprocessing = 0;
		};
		6BBD4F5A2322DAD200466E55 /* Resources */ = {
			isa = PBXResourcesBuildPhase;
			buildActionMask = 2147483647;
			files = (
			);
			runOnlyForDeploymentPostprocessing = 0;
		};
/* End PBXResourcesBuildPhase section */

/* Begin PBXSourcesBuildPhase section */
		6BBD4F392322DAD100466E55 /* Sources */ = {
			isa = PBXSourcesBuildPhase;
			buildActionMask = 2147483647;
			files = (
				6BBD4F432322DAD100466E55 /* ViewController.swift in Sources */,
				6BBD4F412322DAD100466E55 /* AppDelegate.swift in Sources */,
			);
			runOnlyForDeploymentPostprocessing = 0;
		};
		6BBD4F4D2322DAD200466E55 /* Sources */ = {
			isa = PBXSourcesBuildPhase;
			buildActionMask = 2147483647;
			files = (
				6BBD4F562322DAD200466E55 /* QuizTests.swift in Sources */,
			);
			runOnlyForDeploymentPostprocessing = 0;
		};
		6BBD4F582322DAD200466E55 /* Sources */ = {
			isa = PBXSourcesBuildPhase;
			buildActionMask = 2147483647;
			files = (
				6BBD4F612322DAD200466E55 /* QuizUITests.swift in Sources */,
			);
			runOnlyForDeploymentPostprocessing = 0;
		};
/* End PBXSourcesBuildPhase section */

/* Begin PBXTargetDependency section */
		6BBD4F532322DAD200466E55 /* PBXTargetDependency */ = {
			isa = PBXTargetDependency;
			target = 6BBD4F3C2322DAD100466E55 /* Quiz */;
			targetProxy = 6BBD4F522322DAD200466E55 /* PBXContainerItemProxy */;
		};
		6BBD4F5E2322DAD200466E55 /* PBXTargetDependency */ = {
			isa = PBXTargetDependency;
			target = 6BBD4F3C2322DAD100466E55 /* Quiz */;
			targetProxy = 6BBD4F5D2322DAD200466E55 /* PBXContainerItemProxy */;
		};
/* End PBXTargetDependency section */

/* Begin PBXVariantGroup section */
		6BBD4F442322DAD100466E55 /* Main.storyboard */ = {
			isa = PBXVariantGroup;
			children = (
				6BBD4F452322DAD100466E55 /* Base */,
			);
			name = Main.storyboard;
			sourceTree = "<group>";
		};
		6BBD4F492322DAD200466E55 /* LaunchScreen.storyboard */ = {
			isa = PBXVariantGroup;
			children = (
				6BBD4F4A2322DAD200466E55 /* Base */,
			);
			name = LaunchScreen.storyboard;
			sourceTree = "<group>";
		};
/* End PBXVariantGroup section */

/* Begin XCBuildConfiguration section */
		6BBD4F632322DAD200466E55 /* Debug */ = {
			isa = XCBuildConfiguration;
			buildSettings = {
				ALWAYS_SEARCH_USER_PATHS = NO;
				CLANG_ANALYZER_NONNULL = YES;
				CLANG_ANALYZER_NUMBER_OBJECT_CONVERSION = YES_AGGRESSIVE;
				CLANG_CXX_LANGUAGE_STANDARD = "gnu++14";
				CLANG_CXX_LIBRARY = "libc++";
				CLANG_ENABLE_MODULES = YES;
				CLANG_ENABLE_OBJC_ARC = YES;
				CLANG_ENABLE_OBJC_WEAK = YES;
				CLANG_WARN_BLOCK_CAPTURE_AUTORELEASING = YES;
				CLANG_WARN_BOOL_CONVERSION = YES;
				CLANG_WARN_COMMA = YES;
				CLANG_WARN_CONSTANT_CONVERSION = YES;
				CLANG_WARN_DEPRECATED_OBJC_IMPLEMENTATIONS = YES;
				CLANG_WARN_DIRECT_OBJC_ISA_USAGE = YES_ERROR;
				CLANG_WARN_DOCUMENTATION_COMMENTS = YES;
				CLANG_WARN_EMPTY_BODY = YES;
				CLANG_WARN_ENUM_CONVERSION = YES;
				CLANG_WARN_INFINITE_RECURSION = YES;
				CLANG_WARN_INT_CONVERSION = YES;
				CLANG_WARN_NON_LITERAL_NULL_CONVERSION = YES;
				CLANG_WARN_OBJC_IMPLICIT_RETAIN_SELF = YES;
				CLANG_WARN_OBJC_LITERAL_CONVERSION = YES;
				CLANG_WARN_OBJC_ROOT_CLASS = YES_ERROR;
				CLANG_WARN_RANGE_LOOP_ANALYSIS = YES;
				CLANG_WARN_STRICT_PROTOTYPES = YES;
				CLANG_WARN_SUSPICIOUS_MOVE = YES;
				CLANG_WARN_UNGUARDED_AVAILABILITY = YES_AGGRESSIVE;
				CLANG_WARN_UNREACHABLE_CODE = YES;
				CLANG_WARN__DUPLICATE_METHOD_MATCH = YES;
				CODE_SIGN_IDENTITY = "iPhone Developer";
				COPY_PHASE_STRIP = NO;
				DEBUG_INFORMATION_FORMAT = dwarf;
				ENABLE_STRICT_OBJC_MSGSEND = YES;
				ENABLE_TESTABILITY = YES;
				GCC_C_LANGUAGE_STANDARD = gnu11;
				GCC_DYNAMIC_NO_PIC = NO;
				GCC_NO_COMMON_BLOCKS = YES;
				GCC_OPTIMIZATION_LEVEL = 0;
				GCC_PREPROCESSOR_DEFINITIONS = (
					"DEBUG=1",
					"$(inherited)",
				);
				GCC_WARN_64_TO_32_BIT_CONVERSION = YES;
				GCC_WARN_ABOUT_RETURN_TYPE = YES_ERROR;
				GCC_WARN_UNDECLARED_SELECTOR = YES;
				GCC_WARN_UNINITIALIZED_AUTOS = YES_AGGRESSIVE;
				GCC_WARN_UNUSED_FUNCTION = YES;
				GCC_WARN_UNUSED_VARIABLE = YES;
				IPHONEOS_DEPLOYMENT_TARGET = 11.4;
				MTL_ENABLE_DEBUG_INFO = YES;
				ONLY_ACTIVE_ARCH = YES;
				SDKROOT = iphoneos;
				SWIFT_ACTIVE_COMPILATION_CONDITIONS = DEBUG;
				SWIFT_OPTIMIZATION_LEVEL = "-Onone";
			};
			name = Debug;
		};
		6BBD4F642322DAD200466E55 /* Release */ = {
			isa = XCBuildConfiguration;
			buildSettings = {
				ALWAYS_SEARCH_USER_PATHS = NO;
				CLANG_ANALYZER_NONNULL = YES;
				CLANG_ANALYZER_NUMBER_OBJECT_CONVERSION = YES_AGGRESSIVE;
				CLANG_CXX_LANGUAGE_STANDARD = "gnu++14";
				CLANG_CXX_LIBRARY = "libc++";
				CLANG_ENABLE_MODULES = YES;
				CLANG_ENABLE_OBJC_ARC = YES;
				CLANG_ENABLE_OBJC_WEAK = YES;
				CLANG_WARN_BLOCK_CAPTURE_AUTORELEASING = YES;
				CLANG_WARN_BOOL_CONVERSION = YES;
				CLANG_WARN_COMMA = YES;
				CLANG_WARN_CONSTANT_CONVERSION = YES;
				CLANG_WARN_DEPRECATED_OBJC_IMPLEMENTATIONS = YES;
				CLANG_WARN_DIRECT_OBJC_ISA_USAGE = YES_ERROR;
				CLANG_WARN_DOCUMENTATION_COMMENTS = YES;
				CLANG_WARN_EMPTY_BODY = YES;
				CLANG_WARN_ENUM_CONVERSION = YES;
				CLANG_WARN_INFINITE_RECURSION = YES;
				CLANG_WARN_INT_CONVERSION = YES;
				CLANG_WARN_NON_LITERAL_NULL_CONVERSION = YES;
				CLANG_WARN_OBJC_IMPLICIT_RETAIN_SELF = YES;
				CLANG_WARN_OBJC_LITERAL_CONVERSION = YES;
				CLANG_WARN_OBJC_ROOT_CLASS = YES_ERROR;
				CLANG_WARN_RANGE_LOOP_ANALYSIS = YES;
				CLANG_WARN_STRICT_PROTOTYPES = YES;
				CLANG_WARN_SUSPICIOUS_MOVE = YES;
				CLANG_WARN_UNGUARDED_AVAILABILITY = YES_AGGRESSIVE;
				CLANG_WARN_UNREACHABLE_CODE = YES;
				CLANG_WARN__DUPLICATE_METHOD_MATCH = YES;
				CODE_SIGN_IDENTITY = "iPhone Developer";
				COPY_PHASE_STRIP = NO;
				DEBUG_INFORMATION_FORMAT = "dwarf-with-dsym";
				ENABLE_NS_ASSERTIONS = NO;
				ENABLE_STRICT_OBJC_MSGSEND = YES;
				GCC_C_LANGUAGE_STANDARD = gnu11;
				GCC_NO_COMMON_BLOCKS = YES;
				GCC_WARN_64_TO_32_BIT_CONVERSION = YES;
				GCC_WARN_ABOUT_RETURN_TYPE = YES_ERROR;
				GCC_WARN_UNDECLARED_SELECTOR = YES;
				GCC_WARN_UNINITIALIZED_AUTOS = YES_AGGRESSIVE;
				GCC_WARN_UNUSED_FUNCTION = YES;
				GCC_WARN_UNUSED_VARIABLE = YES;
				IPHONEOS_DEPLOYMENT_TARGET = 11.4;
				MTL_ENABLE_DEBUG_INFO = NO;
				SDKROOT = iphoneos;
				SWIFT_COMPILATION_MODE = wholemodule;
				SWIFT_OPTIMIZATION_LEVEL = "-O";
				VALIDATE_PRODUCT = YES;
			};
			name = Release;
		};
		6BBD4F662322DAD200466E55 /* Debug */ = {
			isa = XCBuildConfiguration;
			buildSettings = {
				ASSETCATALOG_COMPILER_APPICON_NAME = AppIcon;
				CODE_SIGN_STYLE = Automatic;
				INFOPLIST_FILE = Quiz/Info.plist;
				LD_RUNPATH_SEARCH_PATHS = (
					"$(inherited)",
					"@executable_path/Frameworks",
				);
				PRODUCT_BUNDLE_IDENTIFIER = ca.saultcollege.Quiz;
				PRODUCT_NAME = "$(TARGET_NAME)";
				SWIFT_VERSION = 4.0;
				TARGETED_DEVICE_FAMILY = "1,2";
			};
			name = Debug;
		};
		6BBD4F672322DAD200466E55 /* Release */ = {
			isa = XCBuildConfiguration;
			buildSettings = {
				ASSETCATALOG_COMPILER_APPICON_NAME = AppIcon;
				CODE_SIGN_STYLE = Automatic;
				INFOPLIST_FILE = Quiz/Info.plist;
				LD_RUNPATH_SEARCH_PATHS = (
					"$(inherited)",
					"@executable_path/Frameworks",
				);
				PRODUCT_BUNDLE_IDENTIFIER = ca.saultcollege.Quiz;
				PRODUCT_NAME = "$(TARGET_NAME)";
				SWIFT_VERSION = 4.0;
				TARGETED_DEVICE_FAMILY = "1,2";
			};
			name = Release;
		};
		6BBD4F692322DAD200466E55 /* Debug */ = {
			isa = XCBuildConfiguration;
			buildSettings = {
				ALWAYS_EMBED_SWIFT_STANDARD_LIBRARIES = YES;
				BUNDLE_LOADER = "$(TEST_HOST)";
				CODE_SIGN_STYLE = Automatic;
				INFOPLIST_FILE = QuizTests/Info.plist;
				LD_RUNPATH_SEARCH_PATHS = (
					"$(inherited)",
					"@executable_path/Frameworks",
					"@loader_path/Frameworks",
				);
				PRODUCT_BUNDLE_IDENTIFIER = ca.saultcollege.QuizTests;
				PRODUCT_NAME = "$(TARGET_NAME)";
				SWIFT_VERSION = 4.0;
				TARGETED_DEVICE_FAMILY = "1,2";
				TEST_HOST = "$(BUILT_PRODUCTS_DIR)/Quiz.app/Quiz";
			};
			name = Debug;
		};
		6BBD4F6A2322DAD200466E55 /* Release */ = {
			isa = XCBuildConfiguration;
			buildSettings = {
				ALWAYS_EMBED_SWIFT_STANDARD_LIBRARIES = YES;
				BUNDLE_LOADER = "$(TEST_HOST)";
				CODE_SIGN_STYLE = Automatic;
				INFOPLIST_FILE = QuizTests/Info.plist;
				LD_RUNPATH_SEARCH_PATHS = (
					"$(inherited)",
					"@executable_path/Frameworks",
					"@loader_path/Frameworks",
				);
				PRODUCT_BUNDLE_IDENTIFIER = ca.saultcollege.QuizTests;
				PRODUCT_NAME = "$(TARGET_NAME)";
				SWIFT_VERSION = 4.0;
				TARGETED_DEVICE_FAMILY = "1,2";
				TEST_HOST = "$(BUILT_PRODUCTS_DIR)/Quiz.app/Quiz";
			};
			name = Release;
		};
		6BBD4F6C2322DAD200466E55 /* Debug */ = {
			isa = XCBuildConfiguration;
			buildSettings = {
				ALWAYS_EMBED_SWIFT_STANDARD_LIBRARIES = YES;
				CODE_SIGN_STYLE = Automatic;
				INFOPLIST_FILE = QuizUITests/Info.plist;
				LD_RUNPATH_SEARCH_PATHS = (
					"$(inherited)",
					"@executable_path/Frameworks",
					"@loader_path/Frameworks",
				);
				PRODUCT_BUNDLE_IDENTIFIER = ca.saultcollege.QuizUITests;
				PRODUCT_NAME = "$(TARGET_NAME)";
				SWIFT_VERSION = 4.0;
				TARGETED_DEVICE_FAMILY = "1,2";
				TEST_TARGET_NAME = Quiz;
			};
			name = Debug;
		};
		6BBD4F6D2322DAD200466E55 /* Release */ = {
			isa = XCBuildConfiguration;
			buildSettings = {
				ALWAYS_EMBED_SWIFT_STANDARD_LIBRARIES = YES;
				CODE_SIGN_STYLE = Automatic;
				INFOPLIST_FILE = QuizUITests/Info.plist;
				LD_RUNPATH_SEARCH_PATHS = (
					"$(inherited)",
					"@executable_path/Frameworks",
					"@loader_path/Frameworks",
				);
				PRODUCT_BUNDLE_IDENTIFIER = ca.saultcollege.QuizUITests;
				PRODUCT_NAME = "$(TARGET_NAME)";
				SWIFT_VERSION = 4.0;
				TARGETED_DEVICE_FAMILY = "1,2";
				TEST_TARGET_NAME = Quiz;
			};
			name = Release;
		};
/* End XCBuildConfiguration section */

/* Begin XCConfigurationList section */
		6BBD4F382322DAD100466E55 /* Build configuration list for PBXProject "Quiz" */ = {
			isa = XCConfigurationList;
			buildConfigurations = (
				6BBD4F632322DAD200466E55 /* Debug */,
				6BBD4F642322DAD200466E55 /* Release */,
			);
			defaultConfigurationIsVisible = 0;
			defaultConfigurationName = Release;
		};
		6BBD4F652322DAD200466E55 /* Build configuration list for PBXNativeTarget "Quiz" */ = {
			isa = XCConfigurationList;
			buildConfigurations = (
				6BBD4F662322DAD200466E55 /* Debug */,
				6BBD4F672322DAD200466E55 /* Release */,
			);
			defaultConfigurationIsVisible = 0;
			defaultConfigurationName = Release;
		};
		6BBD4F682322DAD200466E55 /* Build configuration list for PBXNativeTarget "QuizTests" */ = {
			isa = XCConfigurationList;
			buildConfigurations = (
				6BBD4F692322DAD200466E55 /* Debug */,
				6BBD4F6A2322DAD200466E55 /* Release */,
			);
			defaultConfigurationIsVisible = 0;
			defaultConfigurationName = Release;
		};
		6BBD4F6B2322DAD200466E55 /* Build configuration list for PBXNativeTarget "QuizUITests" */ = {
			isa = XCConfigurationList;
			buildConfigurations = (
				6BBD4F6C2322DAD200466E55 /* Debug */,
				6BBD4F6D2322DAD200466E55 /* Release */,
			);
			defaultConfigurationIsVisible = 0;
			defaultConfigurationName = Release;
		};
/* End XCConfigurationList section */
	};
	rootObject = 6BBD4F352322DAD100466E55 /* Project object */;
}
